
Microsoft Visual Studio Solution File, Format Version 12.00
# Visual Studio Version 17
VisualStudioVersion = 17.11.35327.3
MinimumVisualStudioVersion = 10.0.40219.1
Project("{FAE04EC0-301F-11D3-BF4B-00C04F79EFBC}") = "Client_side_assignment", "Client_side_assignment.csproj", "{E54D7BEE-4C65-4BC4-94E7-56B24BC5E9A2}"
EndProject
Global
	GlobalSection(SolutionConfigurationPlatforms) = preSolution
		Debug|Any CPU = Debug|Any CPU
		Release|Any CPU = Release|Any CPU
	EndGlobalSection
	GlobalSection(ProjectConfigurationPlatforms) = postSolution
		{E54D7BEE-4C65-4BC4-94E7-56B24BC5E9A2}.Debug|Any CPU.ActiveCfg = Debug|Any CPU
		{E54D7BEE-4C65-4BC4-94E7-56B24BC5E9A2}.Debug|Any CPU.Build.0 = Debug|Any CPU
		{E54D7BEE-4C65-4BC4-94E7-56B24BC5E9A2}.Release|Any CPU.ActiveCfg = Release|Any CPU
		{E54D7BEE-4C65-4BC4-94E7-56B24BC5E9A2}.Release|Any CPU.Build.0 = Release|Any CPU
	EndGlobalSection
	GlobalSection(SolutionProperties) = preSolution
		HideSolutionNode = FALSE
	EndGlobalSection
	GlobalSection(ExtensibilityGlobals) = postSolution
		SolutionGuid = {351BAAE0-EB11-459F-8633-D670EF11DFD3}
	EndGlobalSection
EndGlobal
